
Microsoft Visual Studio Solution File, Format Version 12.00
# Visual Studio Version 17
VisualStudioVersion = 17.10.34916.146
MinimumVisualStudioVersion = 10.0.40219.1
Project("{9A19103F-16F7-4668-BE54-9A1E7A4F7556}") = "JRC_Abogados.Server", "JRC_Abogados.Server\JRC_Abogados.Server.csproj", "{D46456FB-5C8B-4149-A219-D2F51E719C62}"
EndProject
Project("{54A90642-561A-4BB1-A94E-469ADEE60C69}") = "jrc_abogados.client", "jrc_abogados.client\jrc_abogados.client.esproj", "{E9E5B2CF-7730-4126-9CE5-E1F8F0FB1D88}"
EndProject
Project("{FAE04EC0-301F-11D3-BF4B-00C04F79EFBC}") = "TestProject", "TestProject\TestProject.csproj", "{C98445A3-993C-4A1B-B0D8-2386B74143B8}"
EndProject
Global
	GlobalSection(SolutionConfigurationPlatforms) = preSolution
		Debug|Any CPU = Debug|Any CPU
		Release|Any CPU = Release|Any CPU
	EndGlobalSection
	GlobalSection(ProjectConfigurationPlatforms) = postSolution
		{D46456FB-5C8B-4149-A219-D2F51E719C62}.Debug|Any CPU.ActiveCfg = Debug|Any CPU
		{D46456FB-5C8B-4149-A219-D2F51E719C62}.Debug|Any CPU.Build.0 = Debug|Any CPU
		{D46456FB-5C8B-4149-A219-D2F51E719C62}.Release|Any CPU.ActiveCfg = Release|Any CPU
		{D46456FB-5C8B-4149-A219-D2F51E719C62}.Release|Any CPU.Build.0 = Release|Any CPU
		{E9E5B2CF-7730-4126-9CE5-E1F8F0FB1D88}.Debug|Any CPU.ActiveCfg = Debug|Any CPU
		{E9E5B2CF-7730-4126-9CE5-E1F8F0FB1D88}.Debug|Any CPU.Build.0 = Debug|Any CPU
		{E9E5B2CF-7730-4126-9CE5-E1F8F0FB1D88}.Debug|Any CPU.Deploy.0 = Debug|Any CPU
		{E9E5B2CF-7730-4126-9CE5-E1F8F0FB1D88}.Release|Any CPU.ActiveCfg = Release|Any CPU
		{E9E5B2CF-7730-4126-9CE5-E1F8F0FB1D88}.Release|Any CPU.Build.0 = Release|Any CPU
		{E9E5B2CF-7730-4126-9CE5-E1F8F0FB1D88}.Release|Any CPU.Deploy.0 = Release|Any CPU
		{C98445A3-993C-4A1B-B0D8-2386B74143B8}.Debug|Any CPU.ActiveCfg = Debug|Any CPU
		{C98445A3-993C-4A1B-B0D8-2386B74143B8}.Debug|Any CPU.Build.0 = Debug|Any CPU
		{C98445A3-993C-4A1B-B0D8-2386B74143B8}.Release|Any CPU.ActiveCfg = Release|Any CPU
		{C98445A3-993C-4A1B-B0D8-2386B74143B8}.Release|Any CPU.Build.0 = Release|Any CPU
	EndGlobalSection
	GlobalSection(SolutionProperties) = preSolution
		HideSolutionNode = FALSE
	EndGlobalSection
	GlobalSection(ExtensibilityGlobals) = postSolution
		SolutionGuid = {4693B787-7462-4640-93AE-5A139EA41909}
	EndGlobalSection
EndGlobal
